// !$*UTF8*$!
{
	archiveVersion = 1;
	classes = {
	};
	objectVersion = 50;
	objects = {

/* Begin PBXBuildFile section */
		17A5E332225B66DF00D320BA /* AppDelegate.swift in Sources */ = {isa = PBXBuildFile; fileRef = 17A5E331225B66DF00D320BA /* AppDelegate.swift */; };
		17A5E334225B66DF00D320BA /* ViewController.swift in Sources */ = {isa = PBXBuildFile; fileRef = 17A5E333225B66DF00D320BA /* ViewController.swift */; };
		17A5E337225B66DF00D320BA /* Main.storyboard in Resources */ = {isa = PBXBuildFile; fileRef = 17A5E335225B66DF00D320BA /* Main.storyboard */; };
		17A5E339225B66E000D320BA /* Assets.xcassets in Resources */ = {isa = PBXBuildFile; fileRef = 17A5E338225B66E000D320BA /* Assets.xcassets */; };
		17A5E33C225B66E000D320BA /* LaunchScreen.storyboard in Resources */ = {isa = PBXBuildFile; fileRef = 17A5E33A225B66E000D320BA /* LaunchScreen.storyboard */; };
		17A5E347225B66E000D320BA /* Trivia_ChallangeTests.swift in Sources */ = {isa = PBXBuildFile; fileRef = 17A5E346225B66E000D320BA /* Trivia_ChallangeTests.swift */; };
		17A5E352225B66E000D320BA /* Trivia_ChallangeUITests.swift in Sources */ = {isa = PBXBuildFile; fileRef = 17A5E351225B66E000D320BA /* Trivia_ChallangeUITests.swift */; };
/* End PBXBuildFile section */

/* Begin PBXContainerItemProxy section */
		17A5E343225B66E000D320BA /* PBXContainerItemProxy */ = {
			isa = PBXContainerItemProxy;
			containerPortal = 17A5E326225B66DF00D320BA /* Project object */;
			proxyType = 1;
			remoteGlobalIDString = 17A5E32D225B66DF00D320BA;
			remoteInfo = "Trivia Challange";
		};
		17A5E34E225B66E000D320BA /* PBXContainerItemProxy */ = {
			isa = PBXContainerItemProxy;
			containerPortal = 17A5E326225B66DF00D320BA /* Project object */;
			proxyType = 1;
			remoteGlobalIDString = 17A5E32D225B66DF00D320BA;
			remoteInfo = "Trivia Challange";
		};
/* End PBXContainerItemProxy section */

/* Begin PBXFileReference section */
		17A5E32E225B66DF00D320BA /* Trivia Challange.app */ = {isa = PBXFileReference; explicitFileType = wrapper.application; includeInIndex = 0; path = "Trivia Challange.app"; sourceTree = BUILT_PRODUCTS_DIR; };
		17A5E331225B66DF00D320BA /* AppDelegate.swift */ = {isa = PBXFileReference; lastKnownFileType = sourcecode.swift; path = AppDelegate.swift; sourceTree = "<group>"; };
		17A5E333225B66DF00D320BA /* ViewController.swift */ = {isa = PBXFileReference; lastKnownFileType = sourcecode.swift; path = ViewController.swift; sourceTree = "<group>"; };
		17A5E336225B66DF00D320BA /* Base */ = {isa = PBXFileReference; lastKnownFileType = file.storyboard; name = Base; path = Base.lproj/Main.storyboard; sourceTree = "<group>"; };
		17A5E338225B66E000D320BA /* Assets.xcassets */ = {isa = PBXFileReference; lastKnownFileType = folder.assetcatalog; path = Assets.xcassets; sourceTree = "<group>"; };
		17A5E33B225B66E000D320BA /* Base */ = {isa = PBXFileReference; lastKnownFileType = file.storyboard; name = Base; path = Base.lproj/LaunchScreen.storyboard; sourceTree = "<group>"; };
		17A5E33D225B66E000D320BA /* Info.plist */ = {isa = PBXFileReference; lastKnownFileType = text.plist.xml; path = Info.plist; sourceTree = "<group>"; };
		17A5E342225B66E000D320BA /* Trivia ChallangeTests.xctest */ = {isa = PBXFileReference; explicitFileType = wrapper.cfbundle; includeInIndex = 0; path = "Trivia ChallangeTests.xctest"; sourceTree = BUILT_PRODUCTS_DIR; };
		17A5E346225B66E000D320BA /* Trivia_ChallangeTests.swift */ = {isa = PBXFileReference; lastKnownFileType = sourcecode.swift; path = Trivia_ChallangeTests.swift; sourceTree = "<group>"; };
		17A5E348225B66E000D320BA /* Info.plist */ = {isa = PBXFileReference; lastKnownFileType = text.plist.xml; path = Info.plist; sourceTree = "<group>"; };
		17A5E34D225B66E000D320BA /* Trivia ChallangeUITests.xctest */ = {isa = PBXFileReference; explicitFileType = wrapper.cfbundle; includeInIndex = 0; path = "Trivia ChallangeUITests.xctest"; sourceTree = BUILT_PRODUCTS_DIR; };
		17A5E351225B66E000D320BA /* Trivia_ChallangeUITests.swift */ = {isa = PBXFileReference; lastKnownFileType = sourcecode.swift; path = Trivia_ChallangeUITests.swift; sourceTree = "<group>"; };
		17A5E353225B66E000D320BA /* Info.plist */ = {isa = PBXFileReference; lastKnownFileType = text.plist.xml; path = Info.plist; sourceTree = "<group>"; };
/* End PBXFileReference section */

/* Begin PBXFrameworksBuildPhase section */
		17A5E32B225B66DF00D320BA /* Frameworks */ = {
			isa = PBXFrameworksBuildPhase;
			buildActionMask = 2147483647;
			files = (
			);
			runOnlyForDeploymentPostprocessing = 0;
		};
		17A5E33F225B66E000D320BA /* Frameworks */ = {
			isa = PBXFrameworksBuildPhase;
			buildActionMask = 2147483647;
			files = (
			);
			runOnlyForDeploymentPostprocessing = 0;
		};
		17A5E34A225B66E000D320BA /* Frameworks */ = {
			isa = PBXFrameworksBuildPhase;
			buildActionMask = 2147483647;
			files = (
			);
			runOnlyForDeploymentPostprocessing = 0;
		};
/* End PBXFrameworksBuildPhase section */

/* Begin PBXGroup section */
		17A5E325225B66DF00D320BA = {
			isa = PBXGroup;
			children = (
				17A5E330225B66DF00D320BA /* Trivia Challange */,
				17A5E345225B66E000D320BA /* Trivia ChallangeTests */,
				17A5E350225B66E000D320BA /* Trivia ChallangeUITests */,
				17A5E32F225B66DF00D320BA /* Products */,
			);
			sourceTree = "<group>";
		};
		17A5E32F225B66DF00D320BA /* Products */ = {
			isa = PBXGroup;
			children = (
				17A5E32E225B66DF00D320BA /* Trivia Challange.app */,
				17A5E342225B66E000D320BA /* Trivia ChallangeTests.xctest */,
				17A5E34D225B66E000D320BA /* Trivia ChallangeUITests.xctest */,
			);
			name = Products;
			sourceTree = "<group>";
		};
		17A5E330225B66DF00D320BA /* Trivia Challange */ = {
			isa = PBXGroup;
			children = (
				17A5E331225B66DF00D320BA /* AppDelegate.swift */,
				17A5E333225B66DF00D320BA /* ViewController.swift */,
				17A5E335225B66DF00D320BA /* Main.storyboard */,
				17A5E338225B66E000D320BA /* Assets.xcassets */,
				17A5E33A225B66E000D320BA /* LaunchScreen.storyboard */,
				17A5E33D225B66E000D320BA /* Info.plist */,
			);
			path = "Trivia Challange";
			sourceTree = "<group>";
		};
		17A5E345225B66E000D320BA /* Trivia ChallangeTests */ = {
			isa = PBXGroup;
			children = (
				17A5E346225B66E000D320BA /* Trivia_ChallangeTests.swift */,
				17A5E348225B66E000D320BA /* Info.plist */,
			);
			path = "Trivia ChallangeTests";
			sourceTree = "<group>";
		};
		17A5E350225B66E000D320BA /* Trivia ChallangeUITests */ = {
			isa = PBXGroup;
			children = (
				17A5E351225B66E000D320BA /* Trivia_ChallangeUITests.swift */,
				17A5E353225B66E000D320BA /* Info.plist */,
			);
			path = "Trivia ChallangeUITests";
			sourceTree = "<group>";
		};
/* End PBXGroup section */

/* Begin PBXNativeTarget section */
		17A5E32D225B66DF00D320BA /* Trivia Challange */ = {
			isa = PBXNativeTarget;
			buildConfigurationList = 17A5E356225B66E000D320BA /* Build configuration list for PBXNativeTarget "Trivia Challange" */;
			buildPhases = (
				17A5E32A225B66DF00D320BA /* Sources */,
				17A5E32B225B66DF00D320BA /* Frameworks */,
				17A5E32C225B66DF00D320BA /* Resources */,
			);
			buildRules = (
			);
			dependencies = (
			);
			name = "Trivia Challange";
			productName = "Trivia Challange";
			productReference = 17A5E32E225B66DF00D320BA /* Trivia Challange.app */;
			productType = "com.apple.product-type.application";
		};
		17A5E341225B66E000D320BA /* Trivia ChallangeTests */ = {
			isa = PBXNativeTarget;
			buildConfigurationList = 17A5E359225B66E000D320BA /* Build configuration list for PBXNativeTarget "Trivia ChallangeTests" */;
			buildPhases = (
				17A5E33E225B66E000D320BA /* Sources */,
				17A5E33F225B66E000D320BA /* Frameworks */,
				17A5E340225B66E000D320BA /* Resources */,
			);
			buildRules = (
			);
			dependencies = (
				17A5E344225B66E000D320BA /* PBXTargetDependency */,
			);
			name = "Trivia ChallangeTests";
			productName = "Trivia ChallangeTests";
			productReference = 17A5E342225B66E000D320BA /* Trivia ChallangeTests.xctest */;
			productType = "com.apple.product-type.bundle.unit-test";
		};
		17A5E34C225B66E000D320BA /* Trivia ChallangeUITests */ = {
			isa = PBXNativeTarget;
			buildConfigurationList = 17A5E35C225B66E000D320BA /* Build configuration list for PBXNativeTarget "Trivia ChallangeUITests" */;
			buildPhases = (
				17A5E349225B66E000D320BA /* Sources */,
				17A5E34A225B66E000D320BA /* Frameworks */,
				17A5E34B225B66E000D320BA /* Resources */,
			);
			buildRules = (
			);
			dependencies = (
				17A5E34F225B66E000D320BA /* PBXTargetDependency */,
			);
			name = "Trivia ChallangeUITests";
			productName = "Trivia ChallangeUITests";
			productReference = 17A5E34D225B66E000D320BA /* Trivia ChallangeUITests.xctest */;
			productType = "com.apple.product-type.bundle.ui-testing";
		};
/* End PBXNativeTarget section */

/* Begin PBXProject section */
		17A5E326225B66DF00D320BA /* Project object */ = {
			isa = PBXProject;
			attributes = {
				LastSwiftUpdateCheck = 1010;
				LastUpgradeCheck = 1010;
				ORGANIZATIONNAME = "salih topcu";
				TargetAttributes = {
					17A5E32D225B66DF00D320BA = {
						CreatedOnToolsVersion = 10.1;
					};
					17A5E341225B66E000D320BA = {
						CreatedOnToolsVersion = 10.1;
						TestTargetID = 17A5E32D225B66DF00D320BA;
					};
					17A5E34C225B66E000D320BA = {
						CreatedOnToolsVersion = 10.1;
						TestTargetID = 17A5E32D225B66DF00D320BA;
					};
				};
			};
			buildConfigurationList = 17A5E329225B66DF00D320BA /* Build configuration list for PBXProject "Trivia Challange" */;
			compatibilityVersion = "Xcode 9.3";
			developmentRegion = en;
			hasScannedForEncodings = 0;
			knownRegions = (
				en,
				Base,
			);
			mainGroup = 17A5E325225B66DF00D320BA;
			productRefGroup = 17A5E32F225B66DF00D320BA /* Products */;
			projectDirPath = "";
			projectRoot = "";
			targets = (
				17A5E32D225B66DF00D320BA /* Trivia Challange */,
				17A5E341225B66E000D320BA /* Trivia ChallangeTests */,
				17A5E34C225B66E000D320BA /* Trivia ChallangeUITests */,
			);
		};
/* End PBXProject section */

/* Begin PBXResourcesBuildPhase section */
		17A5E32C225B66DF00D320BA /* Resources */ = {
			isa = PBXResourcesBuildPhase;
			buildActionMask = 2147483647;
			files = (
				17A5E33C225B66E000D320BA /* LaunchScreen.storyboard in Resources */,
				17A5E339225B66E000D320BA /* Assets.xcassets in Resources */,
				17A5E337225B66DF00D320BA /* Main.storyboard in Resources */,
			);
			runOnlyForDeploymentPostprocessing = 0;
		};
		17A5E340225B66E000D320BA /* Resources */ = {
			isa = PBXResourcesBuildPhase;
			buildActionMask = 2147483647;
			files = (
			);
			runOnlyForDeploymentPostprocessing = 0;
		};
		17A5E34B225B66E000D320BA /* Resources */ = {
			isa = PBXResourcesBuildPhase;
			buildActionMask = 2147483647;
			files = (
			);
			runOnlyForDeploymentPostprocessing = 0;
		};
/* End PBXResourcesBuildPhase section */

/* Begin PBXSourcesBuildPhase section */
		17A5E32A225B66DF00D320BA /* Sources */ = {
			isa = PBXSourcesBuildPhase;
			buildActionMask = 2147483647;
			files = (
				17A5E334225B66DF00D320BA /* ViewController.swift in Sources */,
				17A5E332225B66DF00D320BA /* AppDelegate.swift in Sources */,
			);
			runOnlyForDeploymentPostprocessing = 0;
		};
		17A5E33E225B66E000D320BA /* Sources */ = {
			isa = PBXSourcesBuildPhase;
			buildActionMask = 2147483647;
			files = (
				17A5E347225B66E000D320BA /* Trivia_ChallangeTests.swift in Sources */,
			);
			runOnlyForDeploymentPostprocessing = 0;
		};
		17A5E349225B66E000D320BA /* Sources */ = {
			isa = PBXSourcesBuildPhase;
			buildActionMask = 2147483647;
			files = (
				17A5E352225B66E000D320BA /* Trivia_ChallangeUITests.swift in Sources */,
			);
			runOnlyForDeploymentPostprocessing = 0;
		};
/* End PBXSourcesBuildPhase section */

/* Begin PBXTargetDependency section */
		17A5E344225B66E000D320BA /* PBXTargetDependency */ = {
			isa = PBXTargetDependency;
			target = 17A5E32D225B66DF00D320BA /* Trivia Challange */;
			targetProxy = 17A5E343225B66E000D320BA /* PBXContainerItemProxy */;
		};
		17A5E34F225B66E000D320BA /* PBXTargetDependency */ = {
			isa = PBXTargetDependency;
			target = 17A5E32D225B66DF00D320BA /* Trivia Challange */;
			targetProxy = 17A5E34E225B66E000D320BA /* PBXContainerItemProxy */;
		};
/* End PBXTargetDependency section */

/* Begin PBXVariantGroup section */
		17A5E335225B66DF00D320BA /* Main.storyboard */ = {
			isa = PBXVariantGroup;
			children = (
				17A5E336225B66DF00D320BA /* Base */,
			);
			name = Main.storyboard;
			sourceTree = "<group>";
		};
		17A5E33A225B66E000D320BA /* LaunchScreen.storyboard */ = {
			isa = PBXVariantGroup;
			children = (
				17A5E33B225B66E000D320BA /* Base */,
			);
			name = LaunchScreen.storyboard;
			sourceTree = "<group>";
		};
/* End PBXVariantGroup section */

/* Begin XCBuildConfiguration section */
		17A5E354225B66E000D320BA /* Debug */ = {
			isa = XCBuildConfiguration;
			buildSettings = {
				ALWAYS_SEARCH_USER_PATHS = NO;
				CLANG_ANALYZER_NONNULL = YES;
				CLANG_ANALYZER_NUMBER_OBJECT_CONVERSION = YES_AGGRESSIVE;
				CLANG_CXX_LANGUAGE_STANDARD = "gnu++14";
				CLANG_CXX_LIBRARY = "libc++";
				CLANG_ENABLE_MODULES = YES;
				CLANG_ENABLE_OBJC_ARC = YES;
				CLANG_ENABLE_OBJC_WEAK = YES;
				CLANG_WARN_BLOCK_CAPTURE_AUTORELEASING = YES;
				CLANG_WARN_BOOL_CONVERSION = YES;
				CLANG_WARN_COMMA = YES;
				CLANG_WARN_CONSTANT_CONVERSION = YES;
				CLANG_WARN_DEPRECATED_OBJC_IMPLEMENTATIONS = YES;
				CLANG_WARN_DIRECT_OBJC_ISA_USAGE = YES_ERROR;
				CLANG_WARN_DOCUMENTATION_COMMENTS = YES;
				CLANG_WARN_EMPTY_BODY = YES;
				CLANG_WARN_ENUM_CONVERSION = YES;
				CLANG_WARN_INFINITE_RECURSION = YES;
				CLANG_WARN_INT_CONVERSION = YES;
				CLANG_WARN_NON_LITERAL_NULL_CONVERSION = YES;
				CLANG_WARN_OBJC_IMPLICIT_RETAIN_SELF = YES;
				CLANG_WARN_OBJC_LITERAL_CONVERSION = YES;
				CLANG_WARN_OBJC_ROOT_CLASS = YES_ERROR;
				CLANG_WARN_RANGE_LOOP_ANALYSIS = YES;
				CLANG_WARN_STRICT_PROTOTYPES = YES;
				CLANG_WARN_SUSPICIOUS_MOVE = YES;
				CLANG_WARN_UNGUARDED_AVAILABILITY = YES_AGGRESSIVE;
				CLANG_WARN_UNREACHABLE_CODE = YES;
				CLANG_WARN__DUPLICATE_METHOD_MATCH = YES;
				CODE_SIGN_IDENTITY = "iPhone Developer";
				COPY_PHASE_STRIP = NO;
				DEBUG_INFORMATION_FORMAT = dwarf;
				ENABLE_STRICT_OBJC_MSGSEND = YES;
				ENABLE_TESTABILITY = YES;
				GCC_C_LANGUAGE_STANDARD = gnu11;
				GCC_DYNAMIC_NO_PIC = NO;
				GCC_NO_COMMON_BLOCKS = YES;
				GCC_OPTIMIZATION_LEVEL = 0;
				GCC_PREPROCESSOR_DEFINITIONS = (
					"DEBUG=1",
					"$(inherited)",
				);
				GCC_WARN_64_TO_32_BIT_CONVERSION = YES;
				GCC_WARN_ABOUT_RETURN_TYPE = YES_ERROR;
				GCC_WARN_UNDECLARED_SELECTOR = YES;
				GCC_WARN_UNINITIALIZED_AUTOS = YES_AGGRESSIVE;
				GCC_WARN_UNUSED_FUNCTION = YES;
				GCC_WARN_UNUSED_VARIABLE = YES;
				IPHONEOS_DEPLOYMENT_TARGET = 12.1;
				MTL_ENABLE_DEBUG_INFO = INCLUDE_SOURCE;
				MTL_FAST_MATH = YES;
				ONLY_ACTIVE_ARCH = YES;
				SDKROOT = iphoneos;
				SWIFT_ACTIVE_COMPILATION_CONDITIONS = DEBUG;
				SWIFT_OPTIMIZATION_LEVEL = "-Onone";
			};
			name = Debug;
		};
		17A5E355225B66E000D320BA /* Release */ = {
			isa = XCBuildConfiguration;
			buildSettings = {
				ALWAYS_SEARCH_USER_PATHS = NO;
				CLANG_ANALYZER_NONNULL = YES;
				CLANG_ANALYZER_NUMBER_OBJECT_CONVERSION = YES_AGGRESSIVE;
				CLANG_CXX_LANGUAGE_STANDARD = "gnu++14";
				CLANG_CXX_LIBRARY = "libc++";
				CLANG_ENABLE_MODULES = YES;
				CLANG_ENABLE_OBJC_ARC = YES;
				CLANG_ENABLE_OBJC_WEAK = YES;
				CLANG_WARN_BLOCK_CAPTURE_AUTORELEASING = YES;
				CLANG_WARN_BOOL_CONVERSION = YES;
				CLANG_WARN_COMMA = YES;
				CLANG_WARN_CONSTANT_CONVERSION = YES;
				CLANG_WARN_DEPRECATED_OBJC_IMPLEMENTATIONS = YES;
				CLANG_WARN_DIRECT_OBJC_ISA_USAGE = YES_ERROR;
				CLANG_WARN_DOCUMENTATION_COMMENTS = YES;
				CLANG_WARN_EMPTY_BODY = YES;
				CLANG_WARN_ENUM_CONVERSION = YES;
				CLANG_WARN_INFINITE_RECURSION = YES;
				CLANG_WARN_INT_CONVERSION = YES;
				CLANG_WARN_NON_LITERAL_NULL_CONVERSION = YES;
				CLANG_WARN_OBJC_IMPLICIT_RETAIN_SELF = YES;
				CLANG_WARN_OBJC_LITERAL_CONVERSION = YES;
				CLANG_WARN_OBJC_ROOT_CLASS = YES_ERROR;
				CLANG_WARN_RANGE_LOOP_ANALYSIS = YES;
				CLANG_WARN_STRICT_PROTOTYPES = YES;
				CLANG_WARN_SUSPICIOUS_MOVE = YES;
				CLANG_WARN_UNGUARDED_AVAILABILITY = YES_AGGRESSIVE;
				CLANG_WARN_UNREACHABLE_CODE = YES;
				CLANG_WARN__DUPLICATE_METHOD_MATCH = YES;
				CODE_SIGN_IDENTITY = "iPhone Developer";
				COPY_PHASE_STRIP = NO;
				DEBUG_INFORMATION_FORMAT = "dwarf-with-dsym";
				ENABLE_NS_ASSERTIONS = NO;
				ENABLE_STRICT_OBJC_MSGSEND = YES;
				GCC_C_LANGUAGE_STANDARD = gnu11;
				GCC_NO_COMMON_BLOCKS = YES;
				GCC_WARN_64_TO_32_BIT_CONVERSION = YES;
				GCC_WARN_ABOUT_RETURN_TYPE = YES_ERROR;
				GCC_WARN_UNDECLARED_SELECTOR = YES;
				GCC_WARN_UNINITIALIZED_AUTOS = YES_AGGRESSIVE;
				GCC_WARN_UNUSED_FUNCTION = YES;
				GCC_WARN_UNUSED_VARIABLE = YES;
				IPHONEOS_DEPLOYMENT_TARGET = 12.1;
				MTL_ENABLE_DEBUG_INFO = NO;
				MTL_FAST_MATH = YES;
				SDKROOT = iphoneos;
				SWIFT_COMPILATION_MODE = wholemodule;
				SWIFT_OPTIMIZATION_LEVEL = "-O";
				VALIDATE_PRODUCT = YES;
			};
			name = Release;
		};
		17A5E357225B66E000D320BA /* Debug */ = {
			isa = XCBuildConfiguration;
			buildSettings = {
				ASSETCATALOG_COMPILER_APPICON_NAME = AppIcon;
				CODE_SIGN_STYLE = Automatic;
				DEVELOPMENT_TEAM = 7LHLQS9ZQQ;
				INFOPLIST_FILE = "Trivia Challange/Info.plist";
				LD_RUNPATH_SEARCH_PATHS = (
					"$(inherited)",
					"@executable_path/Frameworks",
				);
				PRODUCT_BUNDLE_IDENTIFIER = "SalihTopcuTriviaChallange.Trivia-Challange";
				PRODUCT_NAME = "$(TARGET_NAME)";
				SWIFT_VERSION = 4.2;
				TARGETED_DEVICE_FAMILY = "1,2";
			};
			name = Debug;
		};
		17A5E358225B66E000D320BA /* Release */ = {
			isa = XCBuildConfiguration;
			buildSettings = {
				ASSETCATALOG_COMPILER_APPICON_NAME = AppIcon;
				CODE_SIGN_STYLE = Automatic;
				DEVELOPMENT_TEAM = 7LHLQS9ZQQ;
				INFOPLIST_FILE = "Trivia Challange/Info.plist";
				LD_RUNPATH_SEARCH_PATHS = (
					"$(inherited)",
					"@executable_path/Frameworks",
				);
				PRODUCT_BUNDLE_IDENTIFIER = "SalihTopcuTriviaChallange.Trivia-Challange";
				PRODUCT_NAME = "$(TARGET_NAME)";
				SWIFT_VERSION = 4.2;
				TARGETED_DEVICE_FAMILY = "1,2";
			};
			name = Release;
		};
		17A5E35A225B66E000D320BA /* Debug */ = {
			isa = XCBuildConfiguration;
			buildSettings = {
				ALWAYS_EMBED_SWIFT_STANDARD_LIBRARIES = YES;
				BUNDLE_LOADER = "$(TEST_HOST)";
				CODE_SIGN_STYLE = Automatic;
				DEVELOPMENT_TEAM = 7LHLQS9ZQQ;
				INFOPLIST_FILE = "Trivia ChallangeTests/Info.plist";
				LD_RUNPATH_SEARCH_PATHS = (
					"$(inherited)",
					"@executable_path/Frameworks",
					"@loader_path/Frameworks",
				);
				PRODUCT_BUNDLE_IDENTIFIER = "SalihTopcuTriviaChallange.Trivia-ChallangeTests";
				PRODUCT_NAME = "$(TARGET_NAME)";
				SWIFT_VERSION = 4.2;
				TARGETED_DEVICE_FAMILY = "1,2";
				TEST_HOST = "$(BUILT_PRODUCTS_DIR)/Trivia Challange.app/Trivia Challange";
			};
			name = Debug;
		};
		17A5E35B225B66E000D320BA /* Release */ = {
			isa = XCBuildConfiguration;
			buildSettings = {
				ALWAYS_EMBED_SWIFT_STANDARD_LIBRARIES = YES;
				BUNDLE_LOADER = "$(TEST_HOST)";
				CODE_SIGN_STYLE = Automatic;
				DEVELOPMENT_TEAM = 7LHLQS9ZQQ;
				INFOPLIST_FILE = "Trivia ChallangeTests/Info.plist";
				LD_RUNPATH_SEARCH_PATHS = (
					"$(inherited)",
					"@executable_path/Frameworks",
					"@loader_path/Frameworks",
				);
				PRODUCT_BUNDLE_IDENTIFIER = "SalihTopcuTriviaChallange.Trivia-ChallangeTests";
				PRODUCT_NAME = "$(TARGET_NAME)";
				SWIFT_VERSION = 4.2;
				TARGETED_DEVICE_FAMILY = "1,2";
				TEST_HOST = "$(BUILT_PRODUCTS_DIR)/Trivia Challange.app/Trivia Challange";
			};
			name = Release;
		};
		17A5E35D225B66E000D320BA /* Debug */ = {
			isa = XCBuildConfiguration;
			buildSettings = {
				ALWAYS_EMBED_SWIFT_STANDARD_LIBRARIES = YES;
				CODE_SIGN_STYLE = Automatic;
				DEVELOPMENT_TEAM = 7LHLQS9ZQQ;
				INFOPLIST_FILE = "Trivia ChallangeUITests/Info.plist";
				LD_RUNPATH_SEARCH_PATHS = (
					"$(inherited)",
					"@executable_path/Frameworks",
					"@loader_path/Frameworks",
				);
				PRODUCT_BUNDLE_IDENTIFIER = "SalihTopcuTriviaChallange.Trivia-ChallangeUITests";
				PRODUCT_NAME = "$(TARGET_NAME)";
				SWIFT_VERSION = 4.2;
				TARGETED_DEVICE_FAMILY = "1,2";
				TEST_TARGET_NAME = "Trivia Challange";
			};
			name = Debug;
		};
		17A5E35E225B66E000D320BA /* Release */ = {
			isa = XCBuildConfiguration;
			buildSettings = {
				ALWAYS_EMBED_SWIFT_STANDARD_LIBRARIES = YES;
				CODE_SIGN_STYLE = Automatic;
				DEVELOPMENT_TEAM = 7LHLQS9ZQQ;
				INFOPLIST_FILE = "Trivia ChallangeUITests/Info.plist";
				LD_RUNPATH_SEARCH_PATHS = (
					"$(inherited)",
					"@executable_path/Frameworks",
					"@loader_path/Frameworks",
				);
				PRODUCT_BUNDLE_IDENTIFIER = "SalihTopcuTriviaChallange.Trivia-ChallangeUITests";
				PRODUCT_NAME = "$(TARGET_NAME)";
				SWIFT_VERSION = 4.2;
				TARGETED_DEVICE_FAMILY = "1,2";
				TEST_TARGET_NAME = "Trivia Challange";
			};
			name = Release;
		};
/* End XCBuildConfiguration section */

/* Begin XCConfigurationList section */
		17A5E329225B66DF00D320BA /* Build configuration list for PBXProject "Trivia Challange" */ = {
			isa = XCConfigurationList;
			buildConfigurations = (
				17A5E354225B66E000D320BA /* Debug */,
				17A5E355225B66E000D320BA /* Release */,
			);
			defaultConfigurationIsVisible = 0;
			defaultConfigurationName = Release;
		};
		17A5E356225B66E000D320BA /* Build configuration list for PBXNativeTarget "Trivia Challange" */ = {
			isa = XCConfigurationList;
			buildConfigurations = (
				17A5E357225B66E000D320BA /* Debug */,
				17A5E358225B66E000D320BA /* Release */,
			);
			defaultConfigurationIsVisible = 0;
			defaultConfigurationName = Release;
		};
		17A5E359225B66E000D320BA /* Build configuration list for PBXNativeTarget "Trivia ChallangeTests" */ = {
			isa = XCConfigurationList;
			buildConfigurations = (
				17A5E35A225B66E000D320BA /* Debug */,
				17A5E35B225B66E000D320BA /* Release */,
			);
			defaultConfigurationIsVisible = 0;
			defaultConfigurationName = Release;
		};
		17A5E35C225B66E000D320BA /* Build configuration list for PBXNativeTarget "Trivia ChallangeUITests" */ = {
			isa = XCConfigurationList;
			buildConfigurations = (
				17A5E35D225B66E000D320BA /* Debug */,
				17A5E35E225B66E000D320BA /* Release */,
			);
			defaultConfigurationIsVisible = 0;
			defaultConfigurationName = Release;
		};
/* End XCConfigurationList section */
	};
	rootObject = 17A5E326225B66DF00D320BA /* Project object */;
}
