// !$*UTF8*$!
{
	archiveVersion = 1;
	classes = {
	};
	objectVersion = 50;
	objects = {

/* Begin PBXBuildFile section */
		15891448B57B61D36C2FAAB3 /* Pods_Trivia_Challange.framework in Frameworks */ = {isa = PBXBuildFile; fileRef = C191CFA1AA735FA33892C3A7 /* Pods_Trivia_Challange.framework */; };
		17677F33225E137800241C98 /* ColorExtension.swift in Sources */ = {isa = PBXBuildFile; fileRef = 17677F32225E137800241C98 /* ColorExtension.swift */; };
		17677F35225E167E00241C98 /* CustomButton.swift in Sources */ = {isa = PBXBuildFile; fileRef = 17677F34225E167E00241C98 /* CustomButton.swift */; };
		17A2F314225F346800FC04BF /* Winners.swift in Sources */ = {isa = PBXBuildFile; fileRef = 17A2F313225F346800FC04BF /* Winners.swift */; };
		17A2F316225F34BC00FC04BF /* WinnersNames.swift in Sources */ = {isa = PBXBuildFile; fileRef = 17A2F315225F34BC00FC04BF /* WinnersNames.swift */; };
		17A2F318225F35FA00FC04BF /* WinnersViewModel.swift in Sources */ = {isa = PBXBuildFile; fileRef = 17A2F317225F35FA00FC04BF /* WinnersViewModel.swift */; };
		17A2F31A225F36EE00FC04BF /* WinnersViewController.swift in Sources */ = {isa = PBXBuildFile; fileRef = 17A2F319225F36EE00FC04BF /* WinnersViewController.swift */; };
		17A2F31C225F4E6C00FC04BF /* WinnersTableViewCell.swift in Sources */ = {isa = PBXBuildFile; fileRef = 17A2F31B225F4E6C00FC04BF /* WinnersTableViewCell.swift */; };
		17A5E332225B66DF00D320BA /* AppDelegate.swift in Sources */ = {isa = PBXBuildFile; fileRef = 17A5E331225B66DF00D320BA /* AppDelegate.swift */; };
		17A5E334225B66DF00D320BA /* ViewController.swift in Sources */ = {isa = PBXBuildFile; fileRef = 17A5E333225B66DF00D320BA /* ViewController.swift */; };
		17A5E337225B66DF00D320BA /* Main.storyboard in Resources */ = {isa = PBXBuildFile; fileRef = 17A5E335225B66DF00D320BA /* Main.storyboard */; };
		17A5E339225B66E000D320BA /* Assets.xcassets in Resources */ = {isa = PBXBuildFile; fileRef = 17A5E338225B66E000D320BA /* Assets.xcassets */; };
		17A5E33C225B66E000D320BA /* LaunchScreen.storyboard in Resources */ = {isa = PBXBuildFile; fileRef = 17A5E33A225B66E000D320BA /* LaunchScreen.storyboard */; };
		17A5E347225B66E000D320BA /* Trivia_ChallangeTests.swift in Sources */ = {isa = PBXBuildFile; fileRef = 17A5E346225B66E000D320BA /* Trivia_ChallangeTests.swift */; };
		17A5E352225B66E000D320BA /* Trivia_ChallangeUITests.swift in Sources */ = {isa = PBXBuildFile; fileRef = 17A5E351225B66E000D320BA /* Trivia_ChallangeUITests.swift */; };
		17A5E365225B6C0E00D320BA /* TraviaChallangeModel.swift in Sources */ = {isa = PBXBuildFile; fileRef = 17A5E364225B6C0E00D320BA /* TraviaChallangeModel.swift */; };
		17A5E367225B6C7200D320BA /* Questions.swift in Sources */ = {isa = PBXBuildFile; fileRef = 17A5E366225B6C7200D320BA /* Questions.swift */; };
		17A5E369225B70AE00D320BA /* TraviaChallangeViewModel.swift in Sources */ = {isa = PBXBuildFile; fileRef = 17A5E368225B70AE00D320BA /* TraviaChallangeViewModel.swift */; };
		EA156602952565389B602FF3 /* Pods_Trivia_ChallangeUITests.framework in Frameworks */ = {isa = PBXBuildFile; fileRef = F994FAA7D43F8B69AF7DFB22 /* Pods_Trivia_ChallangeUITests.framework */; };
		EC73BAC8E3B8083DCED78435 /* Pods_Trivia_ChallangeTests.framework in Frameworks */ = {isa = PBXBuildFile; fileRef = 694F162F2EA833079B90A30B /* Pods_Trivia_ChallangeTests.framework */; };
/* End PBXBuildFile section */

/* Begin PBXContainerItemProxy section */
		17A5E343225B66E000D320BA /* PBXContainerItemProxy */ = {
			isa = PBXContainerItemProxy;
			containerPortal = 17A5E326225B66DF00D320BA /* Project object */;
			proxyType = 1;
			remoteGlobalIDString = 17A5E32D225B66DF00D320BA;
			remoteInfo = "Trivia Challange";
		};
		17A5E34E225B66E000D320BA /* PBXContainerItemProxy */ = {
			isa = PBXContainerItemProxy;
			containerPortal = 17A5E326225B66DF00D320BA /* Project object */;
			proxyType = 1;
			remoteGlobalIDString = 17A5E32D225B66DF00D320BA;
			remoteInfo = "Trivia Challange";
		};
/* End PBXContainerItemProxy section */

/* Begin PBXFileReference section */
		17677F32225E137800241C98 /* ColorExtension.swift */ = {isa = PBXFileReference; lastKnownFileType = sourcecode.swift; path = ColorExtension.swift; sourceTree = "<group>"; };
		17677F34225E167E00241C98 /* CustomButton.swift */ = {isa = PBXFileReference; lastKnownFileType = sourcecode.swift; path = CustomButton.swift; sourceTree = "<group>"; };
		17A2F313225F346800FC04BF /* Winners.swift */ = {isa = PBXFileReference; lastKnownFileType = sourcecode.swift; path = Winners.swift; sourceTree = "<group>"; };
		17A2F315225F34BC00FC04BF /* WinnersNames.swift */ = {isa = PBXFileReference; lastKnownFileType = sourcecode.swift; path = WinnersNames.swift; sourceTree = "<group>"; };
		17A2F317225F35FA00FC04BF /* WinnersViewModel.swift */ = {isa = PBXFileReference; lastKnownFileType = sourcecode.swift; path = WinnersViewModel.swift; sourceTree = "<group>"; };
		17A2F319225F36EE00FC04BF /* WinnersViewController.swift */ = {isa = PBXFileReference; lastKnownFileType = sourcecode.swift; path = WinnersViewController.swift; sourceTree = "<group>"; };
		17A2F31B225F4E6C00FC04BF /* WinnersTableViewCell.swift */ = {isa = PBXFileReference; lastKnownFileType = sourcecode.swift; path = WinnersTableViewCell.swift; sourceTree = "<group>"; };
		17A5E32E225B66DF00D320BA /* Trivia Challange.app */ = {isa = PBXFileReference; explicitFileType = wrapper.application; includeInIndex = 0; path = "Trivia Challange.app"; sourceTree = BUILT_PRODUCTS_DIR; };
		17A5E331225B66DF00D320BA /* AppDelegate.swift */ = {isa = PBXFileReference; lastKnownFileType = sourcecode.swift; path = AppDelegate.swift; sourceTree = "<group>"; };
		17A5E333225B66DF00D320BA /* ViewController.swift */ = {isa = PBXFileReference; lastKnownFileType = sourcecode.swift; path = ViewController.swift; sourceTree = "<group>"; };
		17A5E336225B66DF00D320BA /* Base */ = {isa = PBXFileReference; lastKnownFileType = file.storyboard; name = Base; path = Base.lproj/Main.storyboard; sourceTree = "<group>"; };
		17A5E338225B66E000D320BA /* Assets.xcassets */ = {isa = PBXFileReference; lastKnownFileType = folder.assetcatalog; path = Assets.xcassets; sourceTree = "<group>"; };
		17A5E33B225B66E000D320BA /* Base */ = {isa = PBXFileReference; lastKnownFileType = file.storyboard; name = Base; path = Base.lproj/LaunchScreen.storyboard; sourceTree = "<group>"; };
		17A5E33D225B66E000D320BA /* Info.plist */ = {isa = PBXFileReference; lastKnownFileType = text.plist.xml; path = Info.plist; sourceTree = "<group>"; };
		17A5E342225B66E000D320BA /* Trivia ChallangeTests.xctest */ = {isa = PBXFileReference; explicitFileType = wrapper.cfbundle; includeInIndex = 0; path = "Trivia ChallangeTests.xctest"; sourceTree = BUILT_PRODUCTS_DIR; };
		17A5E346225B66E000D320BA /* Trivia_ChallangeTests.swift */ = {isa = PBXFileReference; lastKnownFileType = sourcecode.swift; path = Trivia_ChallangeTests.swift; sourceTree = "<group>"; };
		17A5E348225B66E000D320BA /* Info.plist */ = {isa = PBXFileReference; lastKnownFileType = text.plist.xml; path = Info.plist; sourceTree = "<group>"; };
		17A5E34D225B66E000D320BA /* Trivia ChallangeUITests.xctest */ = {isa = PBXFileReference; explicitFileType = wrapper.cfbundle; includeInIndex = 0; path = "Trivia ChallangeUITests.xctest"; sourceTree = BUILT_PRODUCTS_DIR; };
		17A5E351225B66E000D320BA /* Trivia_ChallangeUITests.swift */ = {isa = PBXFileReference; lastKnownFileType = sourcecode.swift; path = Trivia_ChallangeUITests.swift; sourceTree = "<group>"; };
		17A5E353225B66E000D320BA /* Info.plist */ = {isa = PBXFileReference; lastKnownFileType = text.plist.xml; path = Info.plist; sourceTree = "<group>"; };
		17A5E364225B6C0E00D320BA /* TraviaChallangeModel.swift */ = {isa = PBXFileReference; lastKnownFileType = sourcecode.swift; path = TraviaChallangeModel.swift; sourceTree = "<group>"; };
		17A5E366225B6C7200D320BA /* Questions.swift */ = {isa = PBXFileReference; lastKnownFileType = sourcecode.swift; path = Questions.swift; sourceTree = "<group>"; };
		17A5E368225B70AE00D320BA /* TraviaChallangeViewModel.swift */ = {isa = PBXFileReference; lastKnownFileType = sourcecode.swift; path = TraviaChallangeViewModel.swift; sourceTree = "<group>"; };
		3CC9364CFEA7EACC4FBE8C4F /* Pods-Trivia ChallangeTests.release.xcconfig */ = {isa = PBXFileReference; includeInIndex = 1; lastKnownFileType = text.xcconfig; name = "Pods-Trivia ChallangeTests.release.xcconfig"; path = "Target Support Files/Pods-Trivia ChallangeTests/Pods-Trivia ChallangeTests.release.xcconfig"; sourceTree = "<group>"; };
		694F162F2EA833079B90A30B /* Pods_Trivia_ChallangeTests.framework */ = {isa = PBXFileReference; explicitFileType = wrapper.framework; includeInIndex = 0; path = Pods_Trivia_ChallangeTests.framework; sourceTree = BUILT_PRODUCTS_DIR; };
		72048B688EF1C114D2F2960F /* Pods-Trivia Challange.release.xcconfig */ = {isa = PBXFileReference; includeInIndex = 1; lastKnownFileType = text.xcconfig; name = "Pods-Trivia Challange.release.xcconfig"; path = "Target Support Files/Pods-Trivia Challange/Pods-Trivia Challange.release.xcconfig"; sourceTree = "<group>"; };
		9302F851F3A55B53795D5155 /* Pods-Trivia ChallangeUITests.debug.xcconfig */ = {isa = PBXFileReference; includeInIndex = 1; lastKnownFileType = text.xcconfig; name = "Pods-Trivia ChallangeUITests.debug.xcconfig"; path = "Target Support Files/Pods-Trivia ChallangeUITests/Pods-Trivia ChallangeUITests.debug.xcconfig"; sourceTree = "<group>"; };
		A4ED3E96E04A7CF81A9351AB /* Pods-Trivia Challange.debug.xcconfig */ = {isa = PBXFileReference; includeInIndex = 1; lastKnownFileType = text.xcconfig; name = "Pods-Trivia Challange.debug.xcconfig"; path = "Target Support Files/Pods-Trivia Challange/Pods-Trivia Challange.debug.xcconfig"; sourceTree = "<group>"; };
		C191CFA1AA735FA33892C3A7 /* Pods_Trivia_Challange.framework */ = {isa = PBXFileReference; explicitFileType = wrapper.framework; includeInIndex = 0; path = Pods_Trivia_Challange.framework; sourceTree = BUILT_PRODUCTS_DIR; };
		EAEB19A3AEE972DD2E31A24D /* Pods-Trivia ChallangeUITests.release.xcconfig */ = {isa = PBXFileReference; includeInIndex = 1; lastKnownFileType = text.xcconfig; name = "Pods-Trivia ChallangeUITests.release.xcconfig"; path = "Target Support Files/Pods-Trivia ChallangeUITests/Pods-Trivia ChallangeUITests.release.xcconfig"; sourceTree = "<group>"; };
		F994FAA7D43F8B69AF7DFB22 /* Pods_Trivia_ChallangeUITests.framework */ = {isa = PBXFileReference; explicitFileType = wrapper.framework; includeInIndex = 0; path = Pods_Trivia_ChallangeUITests.framework; sourceTree = BUILT_PRODUCTS_DIR; };
		FC042C775566B9DEDE83B31F /* Pods-Trivia ChallangeTests.debug.xcconfig */ = {isa = PBXFileReference; includeInIndex = 1; lastKnownFileType = text.xcconfig; name = "Pods-Trivia ChallangeTests.debug.xcconfig"; path = "Target Support Files/Pods-Trivia ChallangeTests/Pods-Trivia ChallangeTests.debug.xcconfig"; sourceTree = "<group>"; };
/* End PBXFileReference section */

/* Begin PBXFrameworksBuildPhase section */
		17A5E32B225B66DF00D320BA /* Frameworks */ = {
			isa = PBXFrameworksBuildPhase;
			buildActionMask = 2147483647;
			files = (
				15891448B57B61D36C2FAAB3 /* Pods_Trivia_Challange.framework in Frameworks */,
			);
			runOnlyForDeploymentPostprocessing = 0;
		};
		17A5E33F225B66E000D320BA /* Frameworks */ = {
			isa = PBXFrameworksBuildPhase;
			buildActionMask = 2147483647;
			files = (
				EC73BAC8E3B8083DCED78435 /* Pods_Trivia_ChallangeTests.framework in Frameworks */,
			);
			runOnlyForDeploymentPostprocessing = 0;
		};
		17A5E34A225B66E000D320BA /* Frameworks */ = {
			isa = PBXFrameworksBuildPhase;
			buildActionMask = 2147483647;
			files = (
				EA156602952565389B602FF3 /* Pods_Trivia_ChallangeUITests.framework in Frameworks */,
			);
			runOnlyForDeploymentPostprocessing = 0;
		};
/* End PBXFrameworksBuildPhase section */

/* Begin PBXGroup section */
		17A5E325225B66DF00D320BA = {
			isa = PBXGroup;
			children = (
				17A5E330225B66DF00D320BA /* Trivia Challange */,
				17A5E345225B66E000D320BA /* Trivia ChallangeTests */,
				17A5E350225B66E000D320BA /* Trivia ChallangeUITests */,
				17A5E32F225B66DF00D320BA /* Products */,
				749EF66403ED699AB5EA7C2D /* Pods */,
				74F3E25D96B8FBB252EA2D3E /* Frameworks */,
			);
			sourceTree = "<group>";
		};
		17A5E32F225B66DF00D320BA /* Products */ = {
			isa = PBXGroup;
			children = (
				17A5E32E225B66DF00D320BA /* Trivia Challange.app */,
				17A5E342225B66E000D320BA /* Trivia ChallangeTests.xctest */,
				17A5E34D225B66E000D320BA /* Trivia ChallangeUITests.xctest */,
			);
			name = Products;
			sourceTree = "<group>";
		};
		17A5E330225B66DF00D320BA /* Trivia Challange */ = {
			isa = PBXGroup;
			children = (
				17A5E363225B6BDE00D320BA /* Storyboard */,
				17A5E35F225B6BAE00D320BA /* Model */,
				17A5E362225B6BD200D320BA /* View */,
				17A5E361225B6BC600D320BA /* Controller */,
				17A5E360225B6BB700D320BA /* ViewModel */,
				17677F32225E137800241C98 /* ColorExtension.swift */,
				17A5E331225B66DF00D320BA /* AppDelegate.swift */,
				17A5E338225B66E000D320BA /* Assets.xcassets */,
				17A5E33A225B66E000D320BA /* LaunchScreen.storyboard */,
				17A5E33D225B66E000D320BA /* Info.plist */,
			);
			path = "Trivia Challange";
			sourceTree = "<group>";
		};
		17A5E345225B66E000D320BA /* Trivia ChallangeTests */ = {
			isa = PBXGroup;
			children = (
				17A5E346225B66E000D320BA /* Trivia_ChallangeTests.swift */,
				17A5E348225B66E000D320BA /* Info.plist */,
			);
			path = "Trivia ChallangeTests";
			sourceTree = "<group>";
		};
		17A5E350225B66E000D320BA /* Trivia ChallangeUITests */ = {
			isa = PBXGroup;
			children = (
				17A5E351225B66E000D320BA /* Trivia_ChallangeUITests.swift */,
				17A5E353225B66E000D320BA /* Info.plist */,
			);
			path = "Trivia ChallangeUITests";
			sourceTree = "<group>";
		};
		17A5E35F225B6BAE00D320BA /* Model */ = {
			isa = PBXGroup;
			children = (
				17A5E364225B6C0E00D320BA /* TraviaChallangeModel.swift */,
				17A5E366225B6C7200D320BA /* Questions.swift */,
				17A2F313225F346800FC04BF /* Winners.swift */,
				17A2F315225F34BC00FC04BF /* WinnersNames.swift */,
			);
			path = Model;
			sourceTree = "<group>";
		};
		17A5E360225B6BB700D320BA /* ViewModel */ = {
			isa = PBXGroup;
			children = (
				17A5E368225B70AE00D320BA /* TraviaChallangeViewModel.swift */,
				17A2F317225F35FA00FC04BF /* WinnersViewModel.swift */,
			);
			path = ViewModel;
			sourceTree = "<group>";
		};
		17A5E361225B6BC600D320BA /* Controller */ = {
			isa = PBXGroup;
			children = (
				17A5E333225B66DF00D320BA /* ViewController.swift */,
				17A2F319225F36EE00FC04BF /* WinnersViewController.swift */,
			);
			path = Controller;
			sourceTree = "<group>";
		};
		17A5E362225B6BD200D320BA /* View */ = {
			isa = PBXGroup;
			children = (
				17677F34225E167E00241C98 /* CustomButton.swift */,
				17A2F31B225F4E6C00FC04BF /* WinnersTableViewCell.swift */,
			);
			path = View;
			sourceTree = "<group>";
		};
		17A5E363225B6BDE00D320BA /* Storyboard */ = {
			isa = PBXGroup;
			children = (
				17A5E335225B66DF00D320BA /* Main.storyboard */,
			);
			path = Storyboard;
			sourceTree = "<group>";
		};
		749EF66403ED699AB5EA7C2D /* Pods */ = {
			isa = PBXGroup;
			children = (
				A4ED3E96E04A7CF81A9351AB /* Pods-Trivia Challange.debug.xcconfig */,
				72048B688EF1C114D2F2960F /* Pods-Trivia Challange.release.xcconfig */,
				FC042C775566B9DEDE83B31F /* Pods-Trivia ChallangeTests.debug.xcconfig */,
				3CC9364CFEA7EACC4FBE8C4F /* Pods-Trivia ChallangeTests.release.xcconfig */,
				9302F851F3A55B53795D5155 /* Pods-Trivia ChallangeUITests.debug.xcconfig */,
				EAEB19A3AEE972DD2E31A24D /* Pods-Trivia ChallangeUITests.release.xcconfig */,
			);
			path = Pods;
			sourceTree = "<group>";
		};
		74F3E25D96B8FBB252EA2D3E /* Frameworks */ = {
			isa = PBXGroup;
			children = (
				C191CFA1AA735FA33892C3A7 /* Pods_Trivia_Challange.framework */,
				694F162F2EA833079B90A30B /* Pods_Trivia_ChallangeTests.framework */,
				F994FAA7D43F8B69AF7DFB22 /* Pods_Trivia_ChallangeUITests.framework */,
			);
			name = Frameworks;
			sourceTree = "<group>";
		};
/* End PBXGroup section */

/* Begin PBXNativeTarget section */
		17A5E32D225B66DF00D320BA /* Trivia Challange */ = {
			isa = PBXNativeTarget;
			buildConfigurationList = 17A5E356225B66E000D320BA /* Build configuration list for PBXNativeTarget "Trivia Challange" */;
			buildPhases = (
				7B3F5719E0FAE37E8799B9E8 /* [CP] Check Pods Manifest.lock */,
				17A5E32A225B66DF00D320BA /* Sources */,
				17A5E32B225B66DF00D320BA /* Frameworks */,
				17A5E32C225B66DF00D320BA /* Resources */,
				B60E9EF7B458367303BD6F07 /* [CP] Embed Pods Frameworks */,
			);
			buildRules = (
			);
			dependencies = (
			);
			name = "Trivia Challange";
			productName = "Trivia Challange";
			productReference = 17A5E32E225B66DF00D320BA /* Trivia Challange.app */;
			productType = "com.apple.product-type.application";
		};
		17A5E341225B66E000D320BA /* Trivia ChallangeTests */ = {
			isa = PBXNativeTarget;
			buildConfigurationList = 17A5E359225B66E000D320BA /* Build configuration list for PBXNativeTarget "Trivia ChallangeTests" */;
			buildPhases = (
				73F0E294993CED820180F2B0 /* [CP] Check Pods Manifest.lock */,
				17A5E33E225B66E000D320BA /* Sources */,
				17A5E33F225B66E000D320BA /* Frameworks */,
				17A5E340225B66E000D320BA /* Resources */,
			);
			buildRules = (
			);
			dependencies = (
				17A5E344225B66E000D320BA /* PBXTargetDependency */,
			);
			name = "Trivia ChallangeTests";
			productName = "Trivia ChallangeTests";
			productReference = 17A5E342225B66E000D320BA /* Trivia ChallangeTests.xctest */;
			productType = "com.apple.product-type.bundle.unit-test";
		};
		17A5E34C225B66E000D320BA /* Trivia ChallangeUITests */ = {
			isa = PBXNativeTarget;
			buildConfigurationList = 17A5E35C225B66E000D320BA /* Build configuration list for PBXNativeTarget "Trivia ChallangeUITests" */;
			buildPhases = (
				08FC869E1E05E94F3591685E /* [CP] Check Pods Manifest.lock */,
				17A5E349225B66E000D320BA /* Sources */,
				17A5E34A225B66E000D320BA /* Frameworks */,
				17A5E34B225B66E000D320BA /* Resources */,
			);
			buildRules = (
			);
			dependencies = (
				17A5E34F225B66E000D320BA /* PBXTargetDependency */,
			);
			name = "Trivia ChallangeUITests";
			productName = "Trivia ChallangeUITests";
			productReference = 17A5E34D225B66E000D320BA /* Trivia ChallangeUITests.xctest */;
			productType = "com.apple.product-type.bundle.ui-testing";
		};
/* End PBXNativeTarget section */

/* Begin PBXProject section */
		17A5E326225B66DF00D320BA /* Project object */ = {
			isa = PBXProject;
			attributes = {
				LastSwiftUpdateCheck = 1010;
				LastUpgradeCheck = 1010;
				ORGANIZATIONNAME = "salih topcu";
				TargetAttributes = {
					17A5E32D225B66DF00D320BA = {
						CreatedOnToolsVersion = 10.1;
					};
					17A5E341225B66E000D320BA = {
						CreatedOnToolsVersion = 10.1;
						TestTargetID = 17A5E32D225B66DF00D320BA;
					};
					17A5E34C225B66E000D320BA = {
						CreatedOnToolsVersion = 10.1;
						TestTargetID = 17A5E32D225B66DF00D320BA;
					};
				};
			};
			buildConfigurationList = 17A5E329225B66DF00D320BA /* Build configuration list for PBXProject "Trivia Challange" */;
			compatibilityVersion = "Xcode 9.3";
			developmentRegion = en;
			hasScannedForEncodings = 0;
			knownRegions = (
				en,
				Base,
			);
			mainGroup = 17A5E325225B66DF00D320BA;
			productRefGroup = 17A5E32F225B66DF00D320BA /* Products */;
			projectDirPath = "";
			projectRoot = "";
			targets = (
				17A5E32D225B66DF00D320BA /* Trivia Challange */,
				17A5E341225B66E000D320BA /* Trivia ChallangeTests */,
				17A5E34C225B66E000D320BA /* Trivia ChallangeUITests */,
			);
		};
/* End PBXProject section */

/* Begin PBXResourcesBuildPhase section */
		17A5E32C225B66DF00D320BA /* Resources */ = {
			isa = PBXResourcesBuildPhase;
			buildActionMask = 2147483647;
			files = (
				17A5E33C225B66E000D320BA /* LaunchScreen.storyboard in Resources */,
				17A5E339225B66E000D320BA /* Assets.xcassets in Resources */,
				17A5E337225B66DF00D320BA /* Main.storyboard in Resources */,
			);
			runOnlyForDeploymentPostprocessing = 0;
		};
		17A5E340225B66E000D320BA /* Resources */ = {
			isa = PBXResourcesBuildPhase;
			buildActionMask = 2147483647;
			files = (
			);
			runOnlyForDeploymentPostprocessing = 0;
		};
		17A5E34B225B66E000D320BA /* Resources */ = {
			isa = PBXResourcesBuildPhase;
			buildActionMask = 2147483647;
			files = (
			);
			runOnlyForDeploymentPostprocessing = 0;
		};
/* End PBXResourcesBuildPhase section */

/* Begin PBXShellScriptBuildPhase section */
		08FC869E1E05E94F3591685E /* [CP] Check Pods Manifest.lock */ = {
			isa = PBXShellScriptBuildPhase;
			buildActionMask = 2147483647;
			files = (
			);
			inputFileListPaths = (
			);
			inputPaths = (
				"${PODS_PODFILE_DIR_PATH}/Podfile.lock",
				"${PODS_ROOT}/Manifest.lock",
			);
			name = "[CP] Check Pods Manifest.lock";
			outputFileListPaths = (
			);
			outputPaths = (
				"$(DERIVED_FILE_DIR)/Pods-Trivia ChallangeUITests-checkManifestLockResult.txt",
			);
			runOnlyForDeploymentPostprocessing = 0;
			shellPath = /bin/sh;
			shellScript = "diff \"${PODS_PODFILE_DIR_PATH}/Podfile.lock\" \"${PODS_ROOT}/Manifest.lock\" > /dev/null\nif [ $? != 0 ] ; then\n    # print error to STDERR\n    echo \"error: The sandbox is not in sync with the Podfile.lock. Run 'pod install' or update your CocoaPods installation.\" >&2\n    exit 1\nfi\n# This output is used by Xcode 'outputs' to avoid re-running this script phase.\necho \"SUCCESS\" > \"${SCRIPT_OUTPUT_FILE_0}\"\n";
			showEnvVarsInLog = 0;
		};
		73F0E294993CED820180F2B0 /* [CP] Check Pods Manifest.lock */ = {
			isa = PBXShellScriptBuildPhase;
			buildActionMask = 2147483647;
			files = (
			);
			inputFileListPaths = (
			);
			inputPaths = (
				"${PODS_PODFILE_DIR_PATH}/Podfile.lock",
				"${PODS_ROOT}/Manifest.lock",
			);
			name = "[CP] Check Pods Manifest.lock";
			outputFileListPaths = (
			);
			outputPaths = (
				"$(DERIVED_FILE_DIR)/Pods-Trivia ChallangeTests-checkManifestLockResult.txt",
			);
			runOnlyForDeploymentPostprocessing = 0;
			shellPath = /bin/sh;
			shellScript = "diff \"${PODS_PODFILE_DIR_PATH}/Podfile.lock\" \"${PODS_ROOT}/Manifest.lock\" > /dev/null\nif [ $? != 0 ] ; then\n    # print error to STDERR\n    echo \"error: The sandbox is not in sync with the Podfile.lock. Run 'pod install' or update your CocoaPods installation.\" >&2\n    exit 1\nfi\n# This output is used by Xcode 'outputs' to avoid re-running this script phase.\necho \"SUCCESS\" > \"${SCRIPT_OUTPUT_FILE_0}\"\n";
			showEnvVarsInLog = 0;
		};
		7B3F5719E0FAE37E8799B9E8 /* [CP] Check Pods Manifest.lock */ = {
			isa = PBXShellScriptBuildPhase;
			buildActionMask = 2147483647;
			files = (
			);
			inputFileListPaths = (
			);
			inputPaths = (
				"${PODS_PODFILE_DIR_PATH}/Podfile.lock",
				"${PODS_ROOT}/Manifest.lock",
			);
			name = "[CP] Check Pods Manifest.lock";
			outputFileListPaths = (
			);
			outputPaths = (
				"$(DERIVED_FILE_DIR)/Pods-Trivia Challange-checkManifestLockResult.txt",
			);
			runOnlyForDeploymentPostprocessing = 0;
			shellPath = /bin/sh;
			shellScript = "diff \"${PODS_PODFILE_DIR_PATH}/Podfile.lock\" \"${PODS_ROOT}/Manifest.lock\" > /dev/null\nif [ $? != 0 ] ; then\n    # print error to STDERR\n    echo \"error: The sandbox is not in sync with the Podfile.lock. Run 'pod install' or update your CocoaPods installation.\" >&2\n    exit 1\nfi\n# This output is used by Xcode 'outputs' to avoid re-running this script phase.\necho \"SUCCESS\" > \"${SCRIPT_OUTPUT_FILE_0}\"\n";
			showEnvVarsInLog = 0;
		};
		B60E9EF7B458367303BD6F07 /* [CP] Embed Pods Frameworks */ = {
			isa = PBXShellScriptBuildPhase;
			buildActionMask = 2147483647;
			files = (
			);
			inputFileListPaths = (
			);
			inputPaths = (
				"${PODS_ROOT}/Target Support Files/Pods-Trivia Challange/Pods-Trivia Challange-frameworks.sh",
				"${BUILT_PRODUCTS_DIR}/Alamofire/Alamofire.framework",
			);
			name = "[CP] Embed Pods Frameworks";
			outputFileListPaths = (
			);
			outputPaths = (
				"${TARGET_BUILD_DIR}/${FRAMEWORKS_FOLDER_PATH}/Alamofire.framework",
			);
			runOnlyForDeploymentPostprocessing = 0;
			shellPath = /bin/sh;
			shellScript = "\"${PODS_ROOT}/Target Support Files/Pods-Trivia Challange/Pods-Trivia Challange-frameworks.sh\"\n";
			showEnvVarsInLog = 0;
		};
/* End PBXShellScriptBuildPhase section */

/* Begin PBXSourcesBuildPhase section */
		17A5E32A225B66DF00D320BA /* Sources */ = {
			isa = PBXSourcesBuildPhase;
			buildActionMask = 2147483647;
			files = (
				17677F33225E137800241C98 /* ColorExtension.swift in Sources */,
				17A2F316225F34BC00FC04BF /* WinnersNames.swift in Sources */,
				17A2F31C225F4E6C00FC04BF /* WinnersTableViewCell.swift in Sources */,
				17A5E369225B70AE00D320BA /* TraviaChallangeViewModel.swift in Sources */,
				17A5E334225B66DF00D320BA /* ViewController.swift in Sources */,
				17A5E367225B6C7200D320BA /* Questions.swift in Sources */,
				17A2F31A225F36EE00FC04BF /* WinnersViewController.swift in Sources */,
				17A2F318225F35FA00FC04BF /* WinnersViewModel.swift in Sources */,
				17677F35225E167E00241C98 /* CustomButton.swift in Sources */,
				17A5E332225B66DF00D320BA /* AppDelegate.swift in Sources */,
				17A2F314225F346800FC04BF /* Winners.swift in Sources */,
				17A5E365225B6C0E00D320BA /* TraviaChallangeModel.swift in Sources */,
			);
			runOnlyForDeploymentPostprocessing = 0;
		};
		17A5E33E225B66E000D320BA /* Sources */ = {
			isa = PBXSourcesBuildPhase;
			buildActionMask = 2147483647;
			files = (
				17A5E347225B66E000D320BA /* Trivia_ChallangeTests.swift in Sources */,
			);
			runOnlyForDeploymentPostprocessing = 0;
		};
		17A5E349225B66E000D320BA /* Sources */ = {
			isa = PBXSourcesBuildPhase;
			buildActionMask = 2147483647;
			files = (
				17A5E352225B66E000D320BA /* Trivia_ChallangeUITests.swift in Sources */,
			);
			runOnlyForDeploymentPostprocessing = 0;
		};
/* End PBXSourcesBuildPhase section */

/* Begin PBXTargetDependency section */
		17A5E344225B66E000D320BA /* PBXTargetDependency */ = {
			isa = PBXTargetDependency;
			target = 17A5E32D225B66DF00D320BA /* Trivia Challange */;
			targetProxy = 17A5E343225B66E000D320BA /* PBXContainerItemProxy */;
		};
		17A5E34F225B66E000D320BA /* PBXTargetDependency */ = {
			isa = PBXTargetDependency;
			target = 17A5E32D225B66DF00D320BA /* Trivia Challange */;
			targetProxy = 17A5E34E225B66E000D320BA /* PBXContainerItemProxy */;
		};
/* End PBXTargetDependency section */

/* Begin PBXVariantGroup section */
		17A5E335225B66DF00D320BA /* Main.storyboard */ = {
			isa = PBXVariantGroup;
			children = (
				17A5E336225B66DF00D320BA /* Base */,
			);
			name = Main.storyboard;
			sourceTree = "<group>";
		};
		17A5E33A225B66E000D320BA /* LaunchScreen.storyboard */ = {
			isa = PBXVariantGroup;
			children = (
				17A5E33B225B66E000D320BA /* Base */,
			);
			name = LaunchScreen.storyboard;
			sourceTree = "<group>";
		};
/* End PBXVariantGroup section */

/* Begin XCBuildConfiguration section */
		17A5E354225B66E000D320BA /* Debug */ = {
			isa = XCBuildConfiguration;
			buildSettings = {
				ALWAYS_SEARCH_USER_PATHS = NO;
				CLANG_ANALYZER_NONNULL = YES;
				CLANG_ANALYZER_NUMBER_OBJECT_CONVERSION = YES_AGGRESSIVE;
				CLANG_CXX_LANGUAGE_STANDARD = "gnu++14";
				CLANG_CXX_LIBRARY = "libc++";
				CLANG_ENABLE_MODULES = YES;
				CLANG_ENABLE_OBJC_ARC = YES;
				CLANG_ENABLE_OBJC_WEAK = YES;
				CLANG_WARN_BLOCK_CAPTURE_AUTORELEASING = YES;
				CLANG_WARN_BOOL_CONVERSION = YES;
				CLANG_WARN_COMMA = YES;
				CLANG_WARN_CONSTANT_CONVERSION = YES;
				CLANG_WARN_DEPRECATED_OBJC_IMPLEMENTATIONS = YES;
				CLANG_WARN_DIRECT_OBJC_ISA_USAGE = YES_ERROR;
				CLANG_WARN_DOCUMENTATION_COMMENTS = YES;
				CLANG_WARN_EMPTY_BODY = YES;
				CLANG_WARN_ENUM_CONVERSION = YES;
				CLANG_WARN_INFINITE_RECURSION = YES;
				CLANG_WARN_INT_CONVERSION = YES;
				CLANG_WARN_NON_LITERAL_NULL_CONVERSION = YES;
				CLANG_WARN_OBJC_IMPLICIT_RETAIN_SELF = YES;
				CLANG_WARN_OBJC_LITERAL_CONVERSION = YES;
				CLANG_WARN_OBJC_ROOT_CLASS = YES_ERROR;
				CLANG_WARN_RANGE_LOOP_ANALYSIS = YES;
				CLANG_WARN_STRICT_PROTOTYPES = YES;
				CLANG_WARN_SUSPICIOUS_MOVE = YES;
				CLANG_WARN_UNGUARDED_AVAILABILITY = YES_AGGRESSIVE;
				CLANG_WARN_UNREACHABLE_CODE = YES;
				CLANG_WARN__DUPLICATE_METHOD_MATCH = YES;
				CODE_SIGN_IDENTITY = "iPhone Developer";
				COPY_PHASE_STRIP = NO;
				DEBUG_INFORMATION_FORMAT = dwarf;
				ENABLE_STRICT_OBJC_MSGSEND = YES;
				ENABLE_TESTABILITY = YES;
				GCC_C_LANGUAGE_STANDARD = gnu11;
				GCC_DYNAMIC_NO_PIC = NO;
				GCC_NO_COMMON_BLOCKS = YES;
				GCC_OPTIMIZATION_LEVEL = 0;
				GCC_PREPROCESSOR_DEFINITIONS = (
					"DEBUG=1",
					"$(inherited)",
				);
				GCC_WARN_64_TO_32_BIT_CONVERSION = YES;
				GCC_WARN_ABOUT_RETURN_TYPE = YES_ERROR;
				GCC_WARN_UNDECLARED_SELECTOR = YES;
				GCC_WARN_UNINITIALIZED_AUTOS = YES_AGGRESSIVE;
				GCC_WARN_UNUSED_FUNCTION = YES;
				GCC_WARN_UNUSED_VARIABLE = YES;
				IPHONEOS_DEPLOYMENT_TARGET = 12.1;
				MTL_ENABLE_DEBUG_INFO = INCLUDE_SOURCE;
				MTL_FAST_MATH = YES;
				ONLY_ACTIVE_ARCH = YES;
				SDKROOT = iphoneos;
				SWIFT_ACTIVE_COMPILATION_CONDITIONS = DEBUG;
				SWIFT_OPTIMIZATION_LEVEL = "-Onone";
			};
			name = Debug;
		};
		17A5E355225B66E000D320BA /* Release */ = {
			isa = XCBuildConfiguration;
			buildSettings = {
				ALWAYS_SEARCH_USER_PATHS = NO;
				CLANG_ANALYZER_NONNULL = YES;
				CLANG_ANALYZER_NUMBER_OBJECT_CONVERSION = YES_AGGRESSIVE;
				CLANG_CXX_LANGUAGE_STANDARD = "gnu++14";
				CLANG_CXX_LIBRARY = "libc++";
				CLANG_ENABLE_MODULES = YES;
				CLANG_ENABLE_OBJC_ARC = YES;
				CLANG_ENABLE_OBJC_WEAK = YES;
				CLANG_WARN_BLOCK_CAPTURE_AUTORELEASING = YES;
				CLANG_WARN_BOOL_CONVERSION = YES;
				CLANG_WARN_COMMA = YES;
				CLANG_WARN_CONSTANT_CONVERSION = YES;
				CLANG_WARN_DEPRECATED_OBJC_IMPLEMENTATIONS = YES;
				CLANG_WARN_DIRECT_OBJC_ISA_USAGE = YES_ERROR;
				CLANG_WARN_DOCUMENTATION_COMMENTS = YES;
				CLANG_WARN_EMPTY_BODY = YES;
				CLANG_WARN_ENUM_CONVERSION = YES;
				CLANG_WARN_INFINITE_RECURSION = YES;
				CLANG_WARN_INT_CONVERSION = YES;
				CLANG_WARN_NON_LITERAL_NULL_CONVERSION = YES;
				CLANG_WARN_OBJC_IMPLICIT_RETAIN_SELF = YES;
				CLANG_WARN_OBJC_LITERAL_CONVERSION = YES;
				CLANG_WARN_OBJC_ROOT_CLASS = YES_ERROR;
				CLANG_WARN_RANGE_LOOP_ANALYSIS = YES;
				CLANG_WARN_STRICT_PROTOTYPES = YES;
				CLANG_WARN_SUSPICIOUS_MOVE = YES;
				CLANG_WARN_UNGUARDED_AVAILABILITY = YES_AGGRESSIVE;
				CLANG_WARN_UNREACHABLE_CODE = YES;
				CLANG_WARN__DUPLICATE_METHOD_MATCH = YES;
				CODE_SIGN_IDENTITY = "iPhone Developer";
				COPY_PHASE_STRIP = NO;
				DEBUG_INFORMATION_FORMAT = "dwarf-with-dsym";
				ENABLE_NS_ASSERTIONS = NO;
				ENABLE_STRICT_OBJC_MSGSEND = YES;
				GCC_C_LANGUAGE_STANDARD = gnu11;
				GCC_NO_COMMON_BLOCKS = YES;
				GCC_WARN_64_TO_32_BIT_CONVERSION = YES;
				GCC_WARN_ABOUT_RETURN_TYPE = YES_ERROR;
				GCC_WARN_UNDECLARED_SELECTOR = YES;
				GCC_WARN_UNINITIALIZED_AUTOS = YES_AGGRESSIVE;
				GCC_WARN_UNUSED_FUNCTION = YES;
				GCC_WARN_UNUSED_VARIABLE = YES;
				IPHONEOS_DEPLOYMENT_TARGET = 12.1;
				MTL_ENABLE_DEBUG_INFO = NO;
				MTL_FAST_MATH = YES;
				SDKROOT = iphoneos;
				SWIFT_COMPILATION_MODE = wholemodule;
				SWIFT_OPTIMIZATION_LEVEL = "-O";
				VALIDATE_PRODUCT = YES;
			};
			name = Release;
		};
		17A5E357225B66E000D320BA /* Debug */ = {
			isa = XCBuildConfiguration;
			baseConfigurationReference = A4ED3E96E04A7CF81A9351AB /* Pods-Trivia Challange.debug.xcconfig */;
			buildSettings = {
				ASSETCATALOG_COMPILER_APPICON_NAME = AppIcon;
				CODE_SIGN_STYLE = Automatic;
				DEVELOPMENT_TEAM = 7LHLQS9ZQQ;
				INFOPLIST_FILE = "Trivia Challange/Info.plist";
				LD_RUNPATH_SEARCH_PATHS = (
					"$(inherited)",
					"@executable_path/Frameworks",
				);
				PRODUCT_BUNDLE_IDENTIFIER = "SalihTopcuTriviaChallange.Trivia-Challange";
				PRODUCT_NAME = "$(TARGET_NAME)";
				SWIFT_VERSION = 4.2;
				TARGETED_DEVICE_FAMILY = "1,2";
			};
			name = Debug;
		};
		17A5E358225B66E000D320BA /* Release */ = {
			isa = XCBuildConfiguration;
			baseConfigurationReference = 72048B688EF1C114D2F2960F /* Pods-Trivia Challange.release.xcconfig */;
			buildSettings = {
				ASSETCATALOG_COMPILER_APPICON_NAME = AppIcon;
				CODE_SIGN_STYLE = Automatic;
				DEVELOPMENT_TEAM = 7LHLQS9ZQQ;
				INFOPLIST_FILE = "Trivia Challange/Info.plist";
				LD_RUNPATH_SEARCH_PATHS = (
					"$(inherited)",
					"@executable_path/Frameworks",
				);
				PRODUCT_BUNDLE_IDENTIFIER = "SalihTopcuTriviaChallange.Trivia-Challange";
				PRODUCT_NAME = "$(TARGET_NAME)";
				SWIFT_VERSION = 4.2;
				TARGETED_DEVICE_FAMILY = "1,2";
			};
			name = Release;
		};
		17A5E35A225B66E000D320BA /* Debug */ = {
			isa = XCBuildConfiguration;
			baseConfigurationReference = FC042C775566B9DEDE83B31F /* Pods-Trivia ChallangeTests.debug.xcconfig */;
			buildSettings = {
				ALWAYS_EMBED_SWIFT_STANDARD_LIBRARIES = YES;
				BUNDLE_LOADER = "$(TEST_HOST)";
				CODE_SIGN_STYLE = Automatic;
				DEVELOPMENT_TEAM = 7LHLQS9ZQQ;
				INFOPLIST_FILE = "Trivia ChallangeTests/Info.plist";
				LD_RUNPATH_SEARCH_PATHS = (
					"$(inherited)",
					"@executable_path/Frameworks",
					"@loader_path/Frameworks",
				);
				PRODUCT_BUNDLE_IDENTIFIER = "SalihTopcuTriviaChallange.Trivia-ChallangeTests";
				PRODUCT_NAME = "$(TARGET_NAME)";
				SWIFT_VERSION = 4.2;
				TARGETED_DEVICE_FAMILY = "1,2";
				TEST_HOST = "$(BUILT_PRODUCTS_DIR)/Trivia Challange.app/Trivia Challange";
			};
			name = Debug;
		};
		17A5E35B225B66E000D320BA /* Release */ = {
			isa = XCBuildConfiguration;
			baseConfigurationReference = 3CC9364CFEA7EACC4FBE8C4F /* Pods-Trivia ChallangeTests.release.xcconfig */;
			buildSettings = {
				ALWAYS_EMBED_SWIFT_STANDARD_LIBRARIES = YES;
				BUNDLE_LOADER = "$(TEST_HOST)";
				CODE_SIGN_STYLE = Automatic;
				DEVELOPMENT_TEAM = 7LHLQS9ZQQ;
				INFOPLIST_FILE = "Trivia ChallangeTests/Info.plist";
				LD_RUNPATH_SEARCH_PATHS = (
					"$(inherited)",
					"@executable_path/Frameworks",
					"@loader_path/Frameworks",
				);
				PRODUCT_BUNDLE_IDENTIFIER = "SalihTopcuTriviaChallange.Trivia-ChallangeTests";
				PRODUCT_NAME = "$(TARGET_NAME)";
				SWIFT_VERSION = 4.2;
				TARGETED_DEVICE_FAMILY = "1,2";
				TEST_HOST = "$(BUILT_PRODUCTS_DIR)/Trivia Challange.app/Trivia Challange";
			};
			name = Release;
		};
		17A5E35D225B66E000D320BA /* Debug */ = {
			isa = XCBuildConfiguration;
			baseConfigurationReference = 9302F851F3A55B53795D5155 /* Pods-Trivia ChallangeUITests.debug.xcconfig */;
			buildSettings = {
				ALWAYS_EMBED_SWIFT_STANDARD_LIBRARIES = YES;
				CODE_SIGN_STYLE = Automatic;
				DEVELOPMENT_TEAM = 7LHLQS9ZQQ;
				INFOPLIST_FILE = "Trivia ChallangeUITests/Info.plist";
				LD_RUNPATH_SEARCH_PATHS = (
					"$(inherited)",
					"@executable_path/Frameworks",
					"@loader_path/Frameworks",
				);
				PRODUCT_BUNDLE_IDENTIFIER = "SalihTopcuTriviaChallange.Trivia-ChallangeUITests";
				PRODUCT_NAME = "$(TARGET_NAME)";
				SWIFT_VERSION = 4.2;
				TARGETED_DEVICE_FAMILY = "1,2";
				TEST_TARGET_NAME = "Trivia Challange";
			};
			name = Debug;
		};
		17A5E35E225B66E000D320BA /* Release */ = {
			isa = XCBuildConfiguration;
			baseConfigurationReference = EAEB19A3AEE972DD2E31A24D /* Pods-Trivia ChallangeUITests.release.xcconfig */;
			buildSettings = {
				ALWAYS_EMBED_SWIFT_STANDARD_LIBRARIES = YES;
				CODE_SIGN_STYLE = Automatic;
				DEVELOPMENT_TEAM = 7LHLQS9ZQQ;
				INFOPLIST_FILE = "Trivia ChallangeUITests/Info.plist";
				LD_RUNPATH_SEARCH_PATHS = (
					"$(inherited)",
					"@executable_path/Frameworks",
					"@loader_path/Frameworks",
				);
				PRODUCT_BUNDLE_IDENTIFIER = "SalihTopcuTriviaChallange.Trivia-ChallangeUITests";
				PRODUCT_NAME = "$(TARGET_NAME)";
				SWIFT_VERSION = 4.2;
				TARGETED_DEVICE_FAMILY = "1,2";
				TEST_TARGET_NAME = "Trivia Challange";
			};
			name = Release;
		};
/* End XCBuildConfiguration section */

/* Begin XCConfigurationList section */
		17A5E329225B66DF00D320BA /* Build configuration list for PBXProject "Trivia Challange" */ = {
			isa = XCConfigurationList;
			buildConfigurations = (
				17A5E354225B66E000D320BA /* Debug */,
				17A5E355225B66E000D320BA /* Release */,
			);
			defaultConfigurationIsVisible = 0;
			defaultConfigurationName = Release;
		};
		17A5E356225B66E000D320BA /* Build configuration list for PBXNativeTarget "Trivia Challange" */ = {
			isa = XCConfigurationList;
			buildConfigurations = (
				17A5E357225B66E000D320BA /* Debug */,
				17A5E358225B66E000D320BA /* Release */,
			);
			defaultConfigurationIsVisible = 0;
			defaultConfigurationName = Release;
		};
		17A5E359225B66E000D320BA /* Build configuration list for PBXNativeTarget "Trivia ChallangeTests" */ = {
			isa = XCConfigurationList;
			buildConfigurations = (
				17A5E35A225B66E000D320BA /* Debug */,
				17A5E35B225B66E000D320BA /* Release */,
			);
			defaultConfigurationIsVisible = 0;
			defaultConfigurationName = Release;
		};
		17A5E35C225B66E000D320BA /* Build configuration list for PBXNativeTarget "Trivia ChallangeUITests" */ = {
			isa = XCConfigurationList;
			buildConfigurations = (
				17A5E35D225B66E000D320BA /* Debug */,
				17A5E35E225B66E000D320BA /* Release */,
			);
			defaultConfigurationIsVisible = 0;
			defaultConfigurationName = Release;
		};
/* End XCConfigurationList section */
	};
	rootObject = 17A5E326225B66DF00D320BA /* Project object */;
}
